
Microsoft Visual Studio Solution File, Format Version 12.00
# Visual Studio 14
VisualStudioVersion = 14.0.23107.0
MinimumVisualStudioVersion = 10.0.40219.1
Project("{FAE04EC0-301F-11D3-BF4B-00C04F79EFBC}") = "Zoo", "WFTests\Zoo.csproj", "{0BC2200B-5C99-41F6-B1BE-231C9AF538F3}"
EndProject
Project("{FAE04EC0-301F-11D3-BF4B-00C04F79EFBC}") = "PrintToDos", "PrintToDos\PrintToDos.csproj", "{AAA40208-FBD6-4026-B74B-A327532F7A03}"
EndProject
Project("{FAE04EC0-301F-11D3-BF4B-00C04F79EFBC}") = "Polygon", "Polygon\Polygon.csproj", "{9149D52A-EBBA-445A-9084-AB0C9C03D000}"
EndProject
Global
	GlobalSection(SolutionConfigurationPlatforms) = preSolution
		Debug|Any CPU = Debug|Any CPU
		Release|Any CPU = Release|Any CPU
	EndGlobalSection
	GlobalSection(ProjectConfigurationPlatforms) = postSolution
		{0BC2200B-5C99-41F6-B1BE-231C9AF538F3}.Debug|Any CPU.ActiveCfg = Debug|Any CPU
		{0BC2200B-5C99-41F6-B1BE-231C9AF538F3}.Debug|Any CPU.Build.0 = Debug|Any CPU
		{0BC2200B-5C99-41F6-B1BE-231C9AF538F3}.Release|Any CPU.ActiveCfg = Release|Any CPU
		{0BC2200B-5C99-41F6-B1BE-231C9AF538F3}.Release|Any CPU.Build.0 = Release|Any CPU
		{AAA40208-FBD6-4026-B74B-A327532F7A03}.Debug|Any CPU.ActiveCfg = Debug|Any CPU
		{AAA40208-FBD6-4026-B74B-A327532F7A03}.Debug|Any CPU.Build.0 = Debug|Any CPU
		{AAA40208-FBD6-4026-B74B-A327532F7A03}.Release|Any CPU.ActiveCfg = Release|Any CPU
		{AAA40208-FBD6-4026-B74B-A327532F7A03}.Release|Any CPU.Build.0 = Release|Any CPU
		{9149D52A-EBBA-445A-9084-AB0C9C03D000}.Debug|Any CPU.ActiveCfg = Debug|Any CPU
		{9149D52A-EBBA-445A-9084-AB0C9C03D000}.Debug|Any CPU.Build.0 = Debug|Any CPU
		{9149D52A-EBBA-445A-9084-AB0C9C03D000}.Release|Any CPU.ActiveCfg = Release|Any CPU
		{9149D52A-EBBA-445A-9084-AB0C9C03D000}.Release|Any CPU.Build.0 = Release|Any CPU
	EndGlobalSection
	GlobalSection(SolutionProperties) = preSolution
		HideSolutionNode = FALSE
	EndGlobalSection
EndGlobal
